{
  "name": "admintemplate",
  "version": "1.0.0",
  "lockfileVersion": 1,
  "requires": true,
  "dependencies": {
    "bootstrap": {
      "version": "4.6.0",
      "resolved": "https://registry.npmjs.org/bootstrap/-/bootstrap-4.6.0.tgz",
      "integrity": "sha512-Io55IuQY3kydzHtbGvQya3H+KorS/M9rSNyfCGCg9WZ4pyT/lCxIlpJgG1GXW/PswzC84Tr2fBYi+7+jFVQQBw=="
    },
    "select2": {
      "version": "4.1.0-rc.0",
      "resolved": "https://registry.npmjs.org/select2/-/select2-4.1.0-rc.0.tgz",
      "integrity": "sha512-Hr9TdhyHCZUtwznEH2CBf7967mEM0idtJ5nMtjvk3Up5tPukOLXbHUNmh10oRfeNIhj+3GD3niu+g6sVK+gK0A=="
    },
    "sweetalert2": {
      "version": "10.16.3",
      "resolved": "https://registry.npmjs.org/sweetalert2/-/sweetalert2-10.16.3.tgz",
      "integrity": "sha512-ZSr+U9crlg1+wIf+S7BGBO5LFlNFRh+UM6ZURGPX5o1h14hJs6UdOce059VQz7jzuFB+xsO5TSvShNvp5YTqGQ=="
    }
  }
}
